github.com/HewlettPackard/structex v1.0.2 h1:p2EH/p6zvUd5fSa0onudAUvLWdKsvQSRP0jGKeblA5E=
github.com/HewlettPackard/structex v1.0.2/go.mod h1:3frC4RY/cPsP/4+N8rkxsNAGlQwHV+zDC7qvrN+N+rE=
github.com/benmcclelland/mtio v0.0.0-20170506231306-f929531fb4fe h1:f+PTGRJrCYSquf31olVAWIqyJwx42eBzVH4D3igzgSk=
github.com/benmcclelland/mtio v0.0.0-20170506231306-f929531fb4fe/go.mod h1:XyVqnMjuqI1qOvgei81EgX68tV7BjN9JlluJPsjArs0=
github.com/benmcclelland/sgio v0.0.0-20180629175614-f710aebf64c1 h1:f1AIRyf6d21xBd1DirrIa6fk41O3LB0WvVuVqhPN4co=
github.com/benmcclelland/sgio v0.0.0-20180629175614-f710aebf64c1/go.mod h1:WdrapyVn/Aduwwf/OMW6sEtk9+7BSoMst1kGrx4E4xE=
github.com/jessevdk/go-flags v1.5.0 h1:1jKYvbxEjfUl0fmqTCOfonvskHHXMjBySTLW4y9LFvc=
github.com/jessevdk/go-flags v1.5.0/go.mod h1:Fw0T6WPc1dYxT4mKEZRfG5kJhaTDP9pj1c2EWnYs/m4=
golang.org/x/sys v0.0.0-20210320140829-1e4c9ba3b0c4 h1:EZ2mChiOa8udjfp6rRmswTbtZN/QzUQp4ptM4rnjHvc=
golang.org/x/sys v0.0.0-20210320140829-1e4c9ba3b0c4/go.mod h1:h1NjWce9XRLGQEsW7wpKNCjG9DtNlClVuFLEZdDNbEs=
